
Microsoft Visual Studio Solution File, Format Version 12.00
# Visual Studio Version 17
VisualStudioVersion = 17.14.37710.0 d17.14
MinimumVisualStudioVersion = 10.0.40219.1
Project("{FAE04EC0-301F-11D3-BF4B-00C04F79EFBC}") = "Avrage score", "Avrage score.csproj", "{6561E582-53E9-48F5-82FD-430CDBECDA47}"
EndProject
Global
	GlobalSection(SolutionConfigurationPlatforms) = preSolution
		Debug|Any CPU = Debug|Any CPU
		Release|Any CPU = Release|Any CPU
	EndGlobalSection
	GlobalSection(ProjectConfigurationPlatforms) = postSolution
		{6561E582-53E9-48F5-82FD-430CDBECDA47}.Debug|Any CPU.ActiveCfg = Debug|Any CPU
		{6561E582-53E9-48F5-82FD-430CDBECDA47}.Debug|Any CPU.Build.0 = Debug|Any CPU
		{6561E582-53E9-48F5-82FD-430CDBECDA47}.Release|Any CPU.ActiveCfg = Release|Any CPU
		{6561E582-53E9-48F5-82FD-430CDBECDA47}.Release|Any CPU.Build.0 = Release|Any CPU
	EndGlobalSection
	GlobalSection(SolutionProperties) = preSolution
		HideSolutionNode = FALSE
	EndGlobalSection
	GlobalSection(ExtensibilityGlobals) = postSolution
		SolutionGuid = {386F0AB1-BB35-4D78-B974-4D4E9B56C0CB}
	EndGlobalSection
EndGlobal
