
Microsoft Visual Studio Solution File, Format Version 12.00
# Visual Studio Version 17
VisualStudioVersion = 17.14.37710.0 d17.14
MinimumVisualStudioVersion = 10.0.40219.1
Project("{FAE04EC0-301F-11D3-BF4B-00C04F79EFBC}") = "HOTEL", "HOTEL.csproj", "{6BB0F559-6D98-48FE-8155-96C1C92D1107}"
EndProject
Global
	GlobalSection(SolutionConfigurationPlatforms) = preSolution
		Debug|Any CPU = Debug|Any CPU
		Release|Any CPU = Release|Any CPU
	EndGlobalSection
	GlobalSection(ProjectConfigurationPlatforms) = postSolution
		{6BB0F559-6D98-48FE-8155-96C1C92D1107}.Debug|Any CPU.ActiveCfg = Debug|Any CPU
		{6BB0F559-6D98-48FE-8155-96C1C92D1107}.Debug|Any CPU.Build.0 = Debug|Any CPU
		{6BB0F559-6D98-48FE-8155-96C1C92D1107}.Release|Any CPU.ActiveCfg = Release|Any CPU
		{6BB0F559-6D98-48FE-8155-96C1C92D1107}.Release|Any CPU.Build.0 = Release|Any CPU
	EndGlobalSection
	GlobalSection(SolutionProperties) = preSolution
		HideSolutionNode = FALSE
	EndGlobalSection
	GlobalSection(ExtensibilityGlobals) = postSolution
		SolutionGuid = {F9ED373C-AF80-49D5-B1D4-DAF5FF112A31}
	EndGlobalSection
EndGlobal
